{
  "version": "5",
  "specifiers": {
    "jsr:@supabase/supabase-js@2": "2.112.3"
  },
  "jsr": {
    "@supabase/supabase-js@2.112.3": {
      "integrity": "114dd7d327daa11fb5b876bc447c47a8c1b9bf3f0d0ed05b308a60639b134b7b"
    }
  },
  "workspace": {
    "packageJson": {
      "dependencies": [
        "npm:@expo/ui@~57.0.12",
        "npm:@expo/vector-icons@^15.0.2",
        "npm:@react-native-async-storage/async-storage@2.2.0",
        "npm:@react-native-community/datetimepicker@9.1.0",
        "npm:@supabase/supabase-js@^2.112.3",
        "npm:@types/react@~19.2.2",
        "npm:expo-constants@~57.0.13",
        "npm:expo-device@~57.0.1",
        "npm:expo-font@~57.0.1",
        "npm:expo-glass-effect@~57.0.1",
        "npm:expo-image-manipulator@~57.0.13",
        "npm:expo-image-picker@~57.0.13",
        "npm:expo-image@~57.0.3",
        "npm:expo-linking@~57.0.7",
        "npm:expo-router@~57.0.15",
        "npm:expo-secure-store@~57.0.1",
        "npm:expo-splash-screen@~57.0.7",
        "npm:expo-status-bar@~57.0.1",
        "npm:expo-symbols@~57.0.2",
        "npm:expo-system-ui@~57.0.2",
        "npm:expo-web-browser@~57.0.2",
        "npm:expo@~57.0.15",
        "npm:react-dom@19.2.3",
        "npm:react-native-gesture-handler@2.32",
        "npm:react-native-purchases@^10.7.2",
        "npm:react-native-reanimated@4.5.1",
        "npm:react-native-safe-area-context@5.7",
        "npm:react-native-screens@4.26",
        "npm:react-native-svg@15.15.4",
        "npm:react-native-url-polyfill@4",
        "npm:react-native-web@0.21",
        "npm:react-native-worklets@0.10.1",
        "npm:react-native@0.86.2",
        "npm:react@19.2.3",
        "npm:typescript@~6.0.3",
        "npm:vitest@^4.1.11"
      ]
    }
  }
}
